<?xml version="1.0" encoding="utf-8"?>
<Project ToolsVersion="4.0" xmlns="http://schemas.microsoft.com/developer/msbuild/2003">
  <ItemGroup>
    <Filter Include="inc">
      <UniqueIdentifier>{27d3d446-8052-4637-ba90-33783c9cbe73}</UniqueIdentifier>
    </Filter>
    <Filter Include="src">
      <UniqueIdentifier>{83280174-39cc-43fe-a7fc-91914cdb7379}</UniqueIdentifier>
    </Filter>
    <Filter Include="cfg">
      <UniqueIdentifier>{2ba69108-d3a7-48dc-9c01-7bb4658a37f5}</UniqueIdentifier>
    </Filter>
  </ItemGroup>
  <ItemGroup>
    <None Include="..\cfg\task.xml">
      <Filter>cfg</Filter>
    </None>
  </ItemGroup>
  <ItemGroup>
    <ClInclude Include="..\inc\http_client.h">
      <Filter>inc</Filter>
    </ClInclude>
    <ClInclude Include="..\inc\http_client_sink.h">
      <Filter>inc</Filter>
    </ClInclude>
  </ItemGroup>
  <ItemGroup>
    <ClCompile Include="..\src\http_client_sink.cpp">
      <Filter>src</Filter>
    </ClCompile>
    <ClCompile Include="..\src\http_client_test.cpp">
      <Filter>src</Filter>
    </ClCompile>
  </ItemGroup>
</Project>